
Microsoft Visual Studio Solution File, Format Version 12.00
# Visual Studio Version 17
VisualStudioVersion = 17.0.31903.59
MinimumVisualStudioVersion = 10.0.40219.1
Project("{2150E333-8FDC-42A3-9474-1A3956D46DE8}") = "src", "src", "{1C56079A-DAC2-4B70-B9EF-6854D23A2A2E}"
EndProject
Project("{2150E333-8FDC-42A3-9474-1A3956D46DE8}") = "Services", "Services", "{C2172081-B4BC-4ACD-83E1-169DFC52E4D8}"
EndProject
Project("{FAE04EC0-301F-11D3-BF4B-00C04F79EFBC}") = "ContentManagement", "src\Services\ContentManagement\ContentManagement.csproj", "{D8783F81-5885-439D-B358-FB5C0AED6B9B}"
EndProject
Project("{2150E333-8FDC-42A3-9474-1A3956D46DE8}") = "BuildingBlocks", "BuildingBlocks", "{22730395-D19B-4A6D-B0A7-9AD133AF01A9}"
EndProject
Project("{FAE04EC0-301F-11D3-BF4B-00C04F79EFBC}") = "Messaging", "src\BuildingBlocks\Messaging\Messaging.csproj", "{55E49394-ABC4-477D-BD8E-2BDD9E037603}"
EndProject
Project("{FAE04EC0-301F-11D3-BF4B-00C04F79EFBC}") = "IdentityManagement", "src\Services\IdentityManagement\IdentityManagement.csproj", "{A03AC645-57C3-4459-8C26-464DA20897DB}"
EndProject
Project("{FAE04EC0-301F-11D3-BF4B-00C04F79EFBC}") = "Otp", "src\Services\Otp\Otp.csproj", "{488D17FF-DB92-4FFD-BA86-4467681CD135}"
EndProject
Project("{2150E333-8FDC-42A3-9474-1A3956D46DE8}") = "ApiGateways", "ApiGateways", "{A0C948EC-2AC2-4FEC-AD69-CA1ED7DF9EBD}"
EndProject
Project("{FAE04EC0-301F-11D3-BF4B-00C04F79EFBC}") = "Web.Bff", "src\ApiGateways\Web.Bff\Web.Bff.csproj", "{ACA61593-2213-4F9C-9DFC-B2CE44FB1E49}"
EndProject
Project("{FAE04EC0-301F-11D3-BF4B-00C04F79EFBC}") = "DigitalAssets", "src\Services\DigitalAssets\DigitalAssets.csproj", "{84760C57-4628-4CB1-A275-53D1321B95F0}"
EndProject
Project("{FAE04EC0-301F-11D3-BF4B-00C04F79EFBC}") = "Documents", "src\Services\Documents\Documents.csproj", "{A5DEC153-65B3-46A7-81CD-16560081F240}"
EndProject
Global
	GlobalSection(SolutionConfigurationPlatforms) = preSolution
		Debug|Any CPU = Debug|Any CPU
		Release|Any CPU = Release|Any CPU
	EndGlobalSection
	GlobalSection(SolutionProperties) = preSolution
		HideSolutionNode = FALSE
	EndGlobalSection
	GlobalSection(ProjectConfigurationPlatforms) = postSolution
		{D8783F81-5885-439D-B358-FB5C0AED6B9B}.Debug|Any CPU.ActiveCfg = Debug|Any CPU
		{D8783F81-5885-439D-B358-FB5C0AED6B9B}.Debug|Any CPU.Build.0 = Debug|Any CPU
		{D8783F81-5885-439D-B358-FB5C0AED6B9B}.Release|Any CPU.ActiveCfg = Release|Any CPU
		{D8783F81-5885-439D-B358-FB5C0AED6B9B}.Release|Any CPU.Build.0 = Release|Any CPU
		{55E49394-ABC4-477D-BD8E-2BDD9E037603}.Debug|Any CPU.ActiveCfg = Debug|Any CPU
		{55E49394-ABC4-477D-BD8E-2BDD9E037603}.Debug|Any CPU.Build.0 = Debug|Any CPU
		{55E49394-ABC4-477D-BD8E-2BDD9E037603}.Release|Any CPU.ActiveCfg = Release|Any CPU
		{55E49394-ABC4-477D-BD8E-2BDD9E037603}.Release|Any CPU.Build.0 = Release|Any CPU
		{A03AC645-57C3-4459-8C26-464DA20897DB}.Debug|Any CPU.ActiveCfg = Debug|Any CPU
		{A03AC645-57C3-4459-8C26-464DA20897DB}.Debug|Any CPU.Build.0 = Debug|Any CPU
		{A03AC645-57C3-4459-8C26-464DA20897DB}.Release|Any CPU.ActiveCfg = Release|Any CPU
		{A03AC645-57C3-4459-8C26-464DA20897DB}.Release|Any CPU.Build.0 = Release|Any CPU
		{488D17FF-DB92-4FFD-BA86-4467681CD135}.Debug|Any CPU.ActiveCfg = Debug|Any CPU
		{488D17FF-DB92-4FFD-BA86-4467681CD135}.Debug|Any CPU.Build.0 = Debug|Any CPU
		{488D17FF-DB92-4FFD-BA86-4467681CD135}.Release|Any CPU.ActiveCfg = Release|Any CPU
		{488D17FF-DB92-4FFD-BA86-4467681CD135}.Release|Any CPU.Build.0 = Release|Any CPU
		{ACA61593-2213-4F9C-9DFC-B2CE44FB1E49}.Debug|Any CPU.ActiveCfg = Debug|Any CPU
		{ACA61593-2213-4F9C-9DFC-B2CE44FB1E49}.Debug|Any CPU.Build.0 = Debug|Any CPU
		{ACA61593-2213-4F9C-9DFC-B2CE44FB1E49}.Release|Any CPU.ActiveCfg = Release|Any CPU
		{ACA61593-2213-4F9C-9DFC-B2CE44FB1E49}.Release|Any CPU.Build.0 = Release|Any CPU
		{84760C57-4628-4CB1-A275-53D1321B95F0}.Debug|Any CPU.ActiveCfg = Debug|Any CPU
		{84760C57-4628-4CB1-A275-53D1321B95F0}.Debug|Any CPU.Build.0 = Debug|Any CPU
		{84760C57-4628-4CB1-A275-53D1321B95F0}.Release|Any CPU.ActiveCfg = Release|Any CPU
		{84760C57-4628-4CB1-A275-53D1321B95F0}.Release|Any CPU.Build.0 = Release|Any CPU
		{A5DEC153-65B3-46A7-81CD-16560081F240}.Debug|Any CPU.ActiveCfg = Debug|Any CPU
		{A5DEC153-65B3-46A7-81CD-16560081F240}.Debug|Any CPU.Build.0 = Debug|Any CPU
		{A5DEC153-65B3-46A7-81CD-16560081F240}.Release|Any CPU.ActiveCfg = Release|Any CPU
		{A5DEC153-65B3-46A7-81CD-16560081F240}.Release|Any CPU.Build.0 = Release|Any CPU
	EndGlobalSection
	GlobalSection(NestedProjects) = preSolution
		{C2172081-B4BC-4ACD-83E1-169DFC52E4D8} = {1C56079A-DAC2-4B70-B9EF-6854D23A2A2E}
		{D8783F81-5885-439D-B358-FB5C0AED6B9B} = {C2172081-B4BC-4ACD-83E1-169DFC52E4D8}
		{22730395-D19B-4A6D-B0A7-9AD133AF01A9} = {1C56079A-DAC2-4B70-B9EF-6854D23A2A2E}
		{55E49394-ABC4-477D-BD8E-2BDD9E037603} = {22730395-D19B-4A6D-B0A7-9AD133AF01A9}
		{A03AC645-57C3-4459-8C26-464DA20897DB} = {C2172081-B4BC-4ACD-83E1-169DFC52E4D8}
		{488D17FF-DB92-4FFD-BA86-4467681CD135} = {C2172081-B4BC-4ACD-83E1-169DFC52E4D8}
		{A0C948EC-2AC2-4FEC-AD69-CA1ED7DF9EBD} = {1C56079A-DAC2-4B70-B9EF-6854D23A2A2E}
		{ACA61593-2213-4F9C-9DFC-B2CE44FB1E49} = {A0C948EC-2AC2-4FEC-AD69-CA1ED7DF9EBD}
		{84760C57-4628-4CB1-A275-53D1321B95F0} = {C2172081-B4BC-4ACD-83E1-169DFC52E4D8}
		{A5DEC153-65B3-46A7-81CD-16560081F240} = {C2172081-B4BC-4ACD-83E1-169DFC52E4D8}
	EndGlobalSection
EndGlobal
